
Microsoft Visual Studio Solution File, Format Version 12.00
# Visual Studio 15
VisualStudioVersion = 15.0.27703.2035
MinimumVisualStudioVersion = 10.0.40219.1
Project("{FAE04EC0-301F-11D3-BF4B-00C04F79EFBC}") = "LineBotProject", "LineBotProject\LineBotProject.csproj", "{94A1F7A9-DA61-43C6-A7AB-FED03F19EEEF}"
EndProject
Global
	GlobalSection(SolutionConfigurationPlatforms) = preSolution
		Debug|Any CPU = Debug|Any CPU
		Release|Any CPU = Release|Any CPU
	EndGlobalSection
	GlobalSection(ProjectConfigurationPlatforms) = postSolution
		{94A1F7A9-DA61-43C6-A7AB-FED03F19EEEF}.Debug|Any CPU.ActiveCfg = Debug|Any CPU
		{94A1F7A9-DA61-43C6-A7AB-FED03F19EEEF}.Debug|Any CPU.Build.0 = Debug|Any CPU
		{94A1F7A9-DA61-43C6-A7AB-FED03F19EEEF}.Release|Any CPU.ActiveCfg = Release|Any CPU
		{94A1F7A9-DA61-43C6-A7AB-FED03F19EEEF}.Release|Any CPU.Build.0 = Release|Any CPU
	EndGlobalSection
	GlobalSection(SolutionProperties) = preSolution
		HideSolutionNode = FALSE
	EndGlobalSection
	GlobalSection(ExtensibilityGlobals) = postSolution
		SolutionGuid = {34110C52-4B49-4CC9-B90D-0EFEBF87725C}
	EndGlobalSection
EndGlobal
